PODS:
  - Capacitor (6.2.2):
    - CapacitorCordova
  - CapacitorCordova (6.2.2)

DEPENDENCIES:
  - "Capacitor (from `../../node_modules/@capacitor/ios`)"
  - "CapacitorCordova (from `../../node_modules/@capacitor/ios`)"

EXTERNAL SOURCES:
  Capacitor:
    :path: "../../node_modules/@capacitor/ios"
  CapacitorCordova:
    :path: "../../node_modules/@capacitor/ios"

SPEC CHECKSUMS:
  Capacitor: 6591a78b923b7e6dde28506ffeea820356e68013
  CapacitorCordova: c2c76283b5c00cf6073bab0b1311e3b10bd17254

PODFILE CHECKSUM: e39b00b6a511c3ae2647e4f11125ee8b228d6d8d

COCOAPODS: 1.17.0
